<?xml version="1.0" encoding="UTF-8" standalone="yes" ?>
<CodeBlocks_project_file>
   <FileVersion major="1" minor="6" />
   <Project>
      <Option title="WebServer" />
      <Option makefile_is_custom="1" />
      <Option compiler="gcc" />
      <Option virtualFolders="CMake Files\;CMake Files\src\;" />
      <Build>
      <Target title="all">
         <Option working_dir="/home/mat/Desktop/C++/Web-Server" />
         <Option type="4" />
         <MakeCommands>
            <Build command="/usr/bin/make -f &quot;/home/mat/Desktop/C++/Web-Server/Makefile&quot;  VERBOSE=1 all" />
            <CompileFile command="/usr/bin/make -f &quot;/home/mat/Desktop/C++/Web-Server/Makefile&quot;  VERBOSE=1 &quot;$file&quot;" />
            <Clean command="/usr/bin/make -f &quot;/home/mat/Desktop/C++/Web-Server/Makefile&quot;  VERBOSE=1 clean" />
            <DistClean command="/usr/bin/make -f &quot;/home/mat/Desktop/C++/Web-Server/Makefile&quot;  VERBOSE=1 clean" />
         </MakeCommands>
      </Target>
      <Target title="rebuild_cache">
         <Option working_dir="/home/mat/Desktop/C++/Web-Server" />
         <Option type="4" />
         <MakeCommands>
            <Build command="/usr/bin/make -f &quot;/home/mat/Desktop/C++/Web-Server/Makefile&quot;  VERBOSE=1 rebuild_cache" />
            <CompileFile command="/usr/bin/make -f &quot;/home/mat/Desktop/C++/Web-Server/Makefile&quot;  VERBOSE=1 &quot;$file&quot;" />
            <Clean command="/usr/bin/make -f &quot;/home/mat/Desktop/C++/Web-Server/Makefile&quot;  VERBOSE=1 clean" />
            <DistClean command="/usr/bin/make -f &quot;/home/mat/Desktop/C++/Web-Server/Makefile&quot;  VERBOSE=1 clean" />
         </MakeCommands>
      </Target>
      <Target title="web_server">
         <Option output="/home/mat/Desktop/C++/Web-Server/src/web_server" prefix_auto="0" extension_auto="0" />
         <Option working_dir="/home/mat/Desktop/C++/Web-Server/src" />
         <Option object_output="./" />
         <Option type="1" />
         <Option compiler="gcc" />
         <Compiler>
            <Add directory="/home/mat/Desktop/C++/Web-Server/lib" />
            <Add directory="/home/mat/Desktop/C++/Web-Server/src" />
            <Add directory="/usr/include" />
            <Add directory="/usr/include/c++/4.8" />
            <Add directory="/usr/include/c++/4.8/backward" />
            <Add directory="/usr/include/x86_64-linux-gnu" />
            <Add directory="/usr/include/x86_64-linux-gnu/c++/4.8" />
            <Add directory="/usr/lib/gcc/x86_64-linux-gnu/4.8/include" />
            <Add directory="/usr/lib/gcc/x86_64-linux-gnu/4.8/include-fixed" />
            <Add directory="/usr/local/include" />
         </Compiler>
         <MakeCommands>
            <Build command="/usr/bin/make -f &quot;/home/mat/Desktop/C++/Web-Server/src/Makefile&quot;  VERBOSE=1 web_server" />
            <CompileFile command="/usr/bin/make -f &quot;/home/mat/Desktop/C++/Web-Server/src/Makefile&quot;  VERBOSE=1 &quot;$file&quot;" />
            <Clean command="/usr/bin/make -f &quot;/home/mat/Desktop/C++/Web-Server/src/Makefile&quot;  VERBOSE=1 clean" />
            <DistClean command="/usr/bin/make -f &quot;/home/mat/Desktop/C++/Web-Server/src/Makefile&quot;  VERBOSE=1 clean" />
         </MakeCommands>
      </Target>
      <Target title="web_server/fast">
         <Option output="/home/mat/Desktop/C++/Web-Server/src/web_server" prefix_auto="0" extension_auto="0" />
         <Option working_dir="/home/mat/Desktop/C++/Web-Server/src" />
         <Option object_output="./" />
         <Option type="1" />
         <Option compiler="gcc" />
         <Compiler>
            <Add directory="/home/mat/Desktop/C++/Web-Server/lib" />
            <Add directory="/home/mat/Desktop/C++/Web-Server/src" />
            <Add directory="/usr/include" />
            <Add directory="/usr/include/c++/4.8" />
            <Add directory="/usr/include/c++/4.8/backward" />
            <Add directory="/usr/include/x86_64-linux-gnu" />
            <Add directory="/usr/include/x86_64-linux-gnu/c++/4.8" />
            <Add directory="/usr/lib/gcc/x86_64-linux-gnu/4.8/include" />
            <Add directory="/usr/lib/gcc/x86_64-linux-gnu/4.8/include-fixed" />
            <Add directory="/usr/local/include" />
         </Compiler>
         <MakeCommands>
            <Build command="/usr/bin/make -f &quot;/home/mat/Desktop/C++/Web-Server/src/Makefile&quot;  VERBOSE=1 web_server/fast" />
            <CompileFile command="/usr/bin/make -f &quot;/home/mat/Desktop/C++/Web-Server/src/Makefile&quot;  VERBOSE=1 &quot;$file&quot;" />
            <Clean command="/usr/bin/make -f &quot;/home/mat/Desktop/C++/Web-Server/src/Makefile&quot;  VERBOSE=1 clean" />
            <DistClean command="/usr/bin/make -f &quot;/home/mat/Desktop/C++/Web-Server/src/Makefile&quot;  VERBOSE=1 clean" />
         </MakeCommands>
      </Target>
      </Build>
      <Unit filename="/home/mat/Desktop/C++/Web-Server/src/main.cpp">
      </Unit>
      <Unit filename="/home/mat/Desktop/C++/Web-Server/src/async_client.hpp">
      </Unit>
      <Unit filename="/home/mat/Desktop/C++/Web-Server/src/exceptions.hpp">
      </Unit>
      <Unit filename="/home/mat/Desktop/C++/Web-Server/CMakeLists.txt">
          <Option virtualFolder="CMake Files\" />
      </Unit>
      <Unit filename="/home/mat/Desktop/C++/Web-Server/src/CMakeLists.txt">
          <Option virtualFolder="CMake Files\src\" />
      </Unit>
      <Unit filename="/home/mat/Desktop/C++/Web-Server/src/CMakeLists.txt">
          <Option virtualFolder="CMake Files\src\" />
      </Unit>
   </Project>
</CodeBlocks_project_file>
